
Microsoft Visual Studio Solution File, Format Version 12.00
# Visual Studio 2013
VisualStudioVersion = 12.0.31101.0
MinimumVisualStudioVersion = 10.0.40219.1
Project("{8BC9CEB8-8B4A-11D0-8D11-00A0C91BC942}") = "AESLib", "AESLib\AESLib.vcxproj", "{65A8F940-0EA6-4185-B184-77C2DE1A5820}"
EndProject
Project("{8BC9CEB8-8B4A-11D0-8D11-00A0C91BC942}") = "Driver", "Driver\Driver.vcxproj", "{3D9CEB6A-879B-4072-9145-5D3A285AD557}"
	ProjectSection(ProjectDependencies) = postProject
		{500D8853-D5F9-442E-8286-1AA1233384D3} = {500D8853-D5F9-442E-8286-1AA1233384D3}
	EndProjectSection
EndProject
Project("{8BC9CEB8-8B4A-11D0-8D11-00A0C91BC942}") = "RSALib", "RSALib\RSALib.vcxproj", "{500D8853-D5F9-442E-8286-1AA1233384D3}"
EndProject
Global
	GlobalSection(SolutionConfigurationPlatforms) = preSolution
		Debug|Win32 = Debug|Win32
		Release|Win32 = Release|Win32
	EndGlobalSection
	GlobalSection(ProjectConfigurationPlatforms) = postSolution
		{65A8F940-0EA6-4185-B184-77C2DE1A5820}.Debug|Win32.ActiveCfg = Debug|Win32
		{65A8F940-0EA6-4185-B184-77C2DE1A5820}.Debug|Win32.Build.0 = Debug|Win32
		{65A8F940-0EA6-4185-B184-77C2DE1A5820}.Release|Win32.ActiveCfg = Release|Win32
		{65A8F940-0EA6-4185-B184-77C2DE1A5820}.Release|Win32.Build.0 = Release|Win32
		{3D9CEB6A-879B-4072-9145-5D3A285AD557}.Debug|Win32.ActiveCfg = Debug|Win32
		{3D9CEB6A-879B-4072-9145-5D3A285AD557}.Debug|Win32.Build.0 = Debug|Win32
		{3D9CEB6A-879B-4072-9145-5D3A285AD557}.Release|Win32.ActiveCfg = Release|Win32
		{3D9CEB6A-879B-4072-9145-5D3A285AD557}.Release|Win32.Build.0 = Release|Win32
		{500D8853-D5F9-442E-8286-1AA1233384D3}.Debug|Win32.ActiveCfg = Debug|Win32
		{500D8853-D5F9-442E-8286-1AA1233384D3}.Debug|Win32.Build.0 = Debug|Win32
		{500D8853-D5F9-442E-8286-1AA1233384D3}.Release|Win32.ActiveCfg = Release|Win32
		{500D8853-D5F9-442E-8286-1AA1233384D3}.Release|Win32.Build.0 = Release|Win32
	EndGlobalSection
	GlobalSection(SolutionProperties) = preSolution
		HideSolutionNode = FALSE
	EndGlobalSection
EndGlobal
